
Microsoft Visual Studio Solution File, Format Version 12.00
Project("{FAE04EC0-301F-11D3-BF4B-00C04F79EFBC}") = "RubixSolver", "RubixSolver\RubixSolver.csproj", "{28ACE47C-22B3-4126-9769-A08FFCD5C122}"
EndProject
Global
	GlobalSection(SolutionConfigurationPlatforms) = preSolution
		Debug|Any CPU = Debug|Any CPU
		Release|Any CPU = Release|Any CPU
	EndGlobalSection
	GlobalSection(ProjectConfigurationPlatforms) = postSolution
		{28ACE47C-22B3-4126-9769-A08FFCD5C122}.Debug|Any CPU.ActiveCfg = Debug|Any CPU
		{28ACE47C-22B3-4126-9769-A08FFCD5C122}.Debug|Any CPU.Build.0 = Debug|Any CPU
		{28ACE47C-22B3-4126-9769-A08FFCD5C122}.Release|Any CPU.ActiveCfg = Release|Any CPU
		{28ACE47C-22B3-4126-9769-A08FFCD5C122}.Release|Any CPU.Build.0 = Release|Any CPU
	EndGlobalSection
EndGlobal
